
Microsoft Visual Studio Solution File, Format Version 12.00
# Visual Studio 15
VisualStudioVersion = 15.0.28307.329
MinimumVisualStudioVersion = 10.0.40219.1
Project("{FAE04EC0-301F-11D3-BF4B-00C04F79EFBC}") = "MyFirstDockerWebProject", "MyFirstDockerWebProject\MyFirstDockerWebProject.csproj", "{10177939-DE82-41A2-91B6-1B57EA013007}"
EndProject
Project("{00D1A9C2-B5F0-4AF3-8072-F6C62B433612}") = "ContosoUniversityData", "ContosoUniversityData\ContosoUniversityData.sqlproj", "{1D5BCDB5-444E-434A-8970-609CDBFEE0F7}"
EndProject
Global
	GlobalSection(SolutionConfigurationPlatforms) = preSolution
		Debug|Any CPU = Debug|Any CPU
		Release|Any CPU = Release|Any CPU
	EndGlobalSection
	GlobalSection(ProjectConfigurationPlatforms) = postSolution
		{10177939-DE82-41A2-91B6-1B57EA013007}.Debug|Any CPU.ActiveCfg = Debug|Any CPU
		{10177939-DE82-41A2-91B6-1B57EA013007}.Debug|Any CPU.Build.0 = Debug|Any CPU
		{10177939-DE82-41A2-91B6-1B57EA013007}.Release|Any CPU.ActiveCfg = Release|Any CPU
		{10177939-DE82-41A2-91B6-1B57EA013007}.Release|Any CPU.Build.0 = Release|Any CPU
		{1D5BCDB5-444E-434A-8970-609CDBFEE0F7}.Debug|Any CPU.ActiveCfg = Debug|Any CPU
		{1D5BCDB5-444E-434A-8970-609CDBFEE0F7}.Debug|Any CPU.Build.0 = Debug|Any CPU
		{1D5BCDB5-444E-434A-8970-609CDBFEE0F7}.Debug|Any CPU.Deploy.0 = Debug|Any CPU
		{1D5BCDB5-444E-434A-8970-609CDBFEE0F7}.Release|Any CPU.ActiveCfg = Release|Any CPU
		{1D5BCDB5-444E-434A-8970-609CDBFEE0F7}.Release|Any CPU.Build.0 = Release|Any CPU
		{1D5BCDB5-444E-434A-8970-609CDBFEE0F7}.Release|Any CPU.Deploy.0 = Release|Any CPU
	EndGlobalSection
	GlobalSection(SolutionProperties) = preSolution
		HideSolutionNode = FALSE
	EndGlobalSection
	GlobalSection(ExtensibilityGlobals) = postSolution
		SolutionGuid = {8CE3D8CF-DC99-4C6A-BD5B-3447EE6435E3}
	EndGlobalSection
EndGlobal
